Microsoft Visual Studio Solution File, Format Version 12.00
# Visual Studio Version 17
VisualStudioVersion = 17.5.2.0
MinimumVisualStudioVersion = 10.0.40219.1
Project("{FAE04EC0-301F-11D3-BF4B-00C04F79EFBC}") = "DogeisCutAdditions", "DogeisCutAdditions.csproj", "{5A501DED-1A89-E71D-01DA-E8BFFFE04F12}"
EndProject
Global
	GlobalSection(SolutionConfigurationPlatforms) = preSolution
		Debug|Any CPU = Debug|Any CPU
		Release|Any CPU = Release|Any CPU
	EndGlobalSection
	GlobalSection(ProjectConfigurationPlatforms) = postSolution
		{5A501DED-1A89-E71D-01DA-E8BFFFE04F12}.Debug|Any CPU.ActiveCfg = Debug|Any CPU
		{5A501DED-1A89-E71D-01DA-E8BFFFE04F12}.Debug|Any CPU.Build.0 = Debug|Any CPU
		{5A501DED-1A89-E71D-01DA-E8BFFFE04F12}.Release|Any CPU.ActiveCfg = Release|Any CPU
		{5A501DED-1A89-E71D-01DA-E8BFFFE04F12}.Release|Any CPU.Build.0 = Release|Any CPU
	EndGlobalSection
	GlobalSection(SolutionProperties) = preSolution
		HideSolutionNode = FALSE
	EndGlobalSection
	GlobalSection(ExtensibilityGlobals) = postSolution
		SolutionGuid = {0BD7EB12-190B-439A-9B0D-3BD2ECC46A11}
	EndGlobalSection
EndGlobal
